// !$*UTF8*$!
{
	archiveVersion = 1;
	classes = {
	};
	objectVersion = 46;
	objects = {

/* Begin PBXBuildFile section */
		25446DD91B8AFD1800A1B107 /* main.m in Sources */ = {isa = PBXBuildFile; fileRef = 25446DD81B8AFD1800A1B107 /* main.m */; };
		25446DE41B8AFD1800A1B107 /* Images.xcassets in Resources */ = {isa = PBXBuildFile; fileRef = 25446DE31B8AFD1800A1B107 /* Images.xcassets */; };
		25446DF31B8AFD1800A1B107 /* SkyEyesLiveTests.m in Sources */ = {isa = PBXBuildFile; fileRef = 25446DF21B8AFD1800A1B107 /* SkyEyesLiveTests.m */; };
		25446E191B8AFF5A00A1B107 /* AppDelegate.m in Sources */ = {isa = PBXBuildFile; fileRef = 25446E0D1B8AFF5A00A1B107 /* AppDelegate.m */; };
		256BA49A1B8C6678000A4B0D /* Device.m in Sources */ = {isa = PBXBuildFile; fileRef = 256BA4991B8C6678000A4B0D /* Device.m */; };
		25D6B0241B8B3CD3004D1499 /* SDLoginViewController.m in Sources */ = {isa = PBXBuildFile; fileRef = 25D6B0231B8B3CD3004D1499 /* SDLoginViewController.m */; };
		25D6B0591B8B4777004D1499 /* HyperlinksButton.m in Sources */ = {isa = PBXBuildFile; fileRef = 25D6B0581B8B4777004D1499 /* HyperlinksButton.m */; };
		25D6B07F1B8B5C20004D1499 /* IQNSArray+Sort.m in Sources */ = {isa = PBXBuildFile; fileRef = 25D6B05D1B8B5C20004D1499 /* IQNSArray+Sort.m */; };
		25D6B0801B8B5C20004D1499 /* IQUITextFieldView+Additions.m in Sources */ = {isa = PBXBuildFile; fileRef = 25D6B05F1B8B5C20004D1499 /* IQUITextFieldView+Additions.m */; };
		25D6B0811B8B5C20004D1499 /* IQUIView+Hierarchy.m in Sources */ = {isa = PBXBuildFile; fileRef = 25D6B0611B8B5C20004D1499 /* IQUIView+Hierarchy.m */; };
		25D6B0821B8B5C20004D1499 /* IQUIViewController+Additions.m in Sources */ = {isa = PBXBuildFile; fileRef = 25D6B0631B8B5C20004D1499 /* IQUIViewController+Additions.m */; };
		25D6B0831B8B5C20004D1499 /* IQUIWindow+Hierarchy.m in Sources */ = {isa = PBXBuildFile; fileRef = 25D6B0651B8B5C20004D1499 /* IQUIWindow+Hierarchy.m */; };
		25D6B0841B8B5C20004D1499 /* IQKeyboardManager.m in Sources */ = {isa = PBXBuildFile; fileRef = 25D6B06A1B8B5C20004D1499 /* IQKeyboardManager.m */; };
		25D6B0851B8B5C20004D1499 /* IQKeyboardReturnKeyHandler.m in Sources */ = {isa = PBXBuildFile; fileRef = 25D6B06C1B8B5C20004D1499 /* IQKeyboardReturnKeyHandler.m */; };
		25D6B0861B8B5C20004D1499 /* IQSegmentedNextPrevious.m in Sources */ = {isa = PBXBuildFile; fileRef = 25D6B06F1B8B5C20004D1499 /* IQSegmentedNextPrevious.m */; };
		25D6B0871B8B5C20004D1499 /* IQTextView.m in Sources */ = {isa = PBXBuildFile; fileRef = 25D6B0721B8B5C20004D1499 /* IQTextView.m */; };
		25D6B0881B8B5C20004D1499 /* IQBarButtonItem.m in Sources */ = {isa = PBXBuildFile; fileRef = 25D6B0751B8B5C20004D1499 /* IQBarButtonItem.m */; };
		25D6B0891B8B5C20004D1499 /* IQTitleBarButtonItem.m in Sources */ = {isa = PBXBuildFile; fileRef = 25D6B0771B8B5C20004D1499 /* IQTitleBarButtonItem.m */; };
		25D6B08A1B8B5C20004D1499 /* IQToolbar.m in Sources */ = {isa = PBXBuildFile; fileRef = 25D6B0791B8B5C20004D1499 /* IQToolbar.m */; };
		25D6B08B1B8B5C20004D1499 /* IQUIView+IQKeyboardToolbar.m in Sources */ = {isa = PBXBuildFile; fileRef = 25D6B07B1B8B5C20004D1499 /* IQUIView+IQKeyboardToolbar.m */; };
		25D6B08C1B8B5C20004D1499 /* IQKeyboardManager.bundle in Resources */ = {isa = PBXBuildFile; fileRef = 25D6B07E1B8B5C20004D1499 /* IQKeyboardManager.bundle */; };
		25D6B0931B8B6568004D1499 /* MBProgressHUD+MJ.m in Sources */ = {isa = PBXBuildFile; fileRef = 25D6B08F1B8B6568004D1499 /* MBProgressHUD+MJ.m */; };
		25D6B0941B8B6568004D1499 /* MBProgressHUD.bundle in Resources */ = {isa = PBXBuildFile; fileRef = 25D6B0901B8B6568004D1499 /* MBProgressHUD.bundle */; };
		25D6B0951B8B6568004D1499 /* MBProgressHUD.m in Sources */ = {isa = PBXBuildFile; fileRef = 25D6B0921B8B6568004D1499 /* MBProgressHUD.m */; };
		25D6B0981B8B67D2004D1499 /* SDSquareTableViewController.m in Sources */ = {isa = PBXBuildFile; fileRef = 25D6B0971B8B67D2004D1499 /* SDSquareTableViewController.m */; };
		25D6B09B1B8B680D004D1499 /* SDLiveViewController.m in Sources */ = {isa = PBXBuildFile; fileRef = 25D6B09A1B8B680D004D1499 /* SDLiveViewController.m */; };
		25D6B09E1B8B6840004D1499 /* SDRanKingTableViewController.m in Sources */ = {isa = PBXBuildFile; fileRef = 25D6B09D1B8B6840004D1499 /* SDRanKingTableViewController.m */; };
		25D6B0A11B8B693F004D1499 /* SDTabBarViewController.m in Sources */ = {isa = PBXBuildFile; fileRef = 25D6B0A01B8B693F004D1499 /* SDTabBarViewController.m */; };
		25D6B0A41B8B7202004D1499 /* UIView+Extension.m in Sources */ = {isa = PBXBuildFile; fileRef = 25D6B0A31B8B7202004D1499 /* UIView+Extension.m */; };
		25D6B0A71B8B7886004D1499 /* UIBarButtonItem+Extension.m in Sources */ = {isa = PBXBuildFile; fileRef = 25D6B0A61B8B7886004D1499 /* UIBarButtonItem+Extension.m */; };
/* End PBXBuildFile section */

/* Begin PBXContainerItemProxy section */
		25446DED1B8AFD1800A1B107 /* PBXContainerItemProxy */ = {
			isa = PBXContainerItemProxy;
			containerPortal = 25446DCB1B8AFD1800A1B107 /* Project object */;
			proxyType = 1;
			remoteGlobalIDString = 25446DD21B8AFD1800A1B107;
			remoteInfo = SkyEyesLive;
		};
/* End PBXContainerItemProxy section */

/* Begin PBXFileReference section */
		25446DD31B8AFD1800A1B107 /* SkyEyesLive.app */ = {isa = PBXFileReference; explicitFileType = wrapper.application; includeInIndex = 0; path = SkyEyesLive.app; sourceTree = BUILT_PRODUCTS_DIR; };
		25446DD71B8AFD1800A1B107 /* Info.plist */ = {isa = PBXFileReference; lastKnownFileType = text.plist.xml; path = Info.plist; sourceTree = "<group>"; };
		25446DD81B8AFD1800A1B107 /* main.m */ = {isa = PBXFileReference; lastKnownFileType = sourcecode.c.objc; path = main.m; sourceTree = "<group>"; };
		25446DE31B8AFD1800A1B107 /* Images.xcassets */ = {isa = PBXFileReference; lastKnownFileType = folder.assetcatalog; path = Images.xcassets; sourceTree = "<group>"; };
		25446DEC1B8AFD1800A1B107 /* SkyEyesLiveTests.xctest */ = {isa = PBXFileReference; explicitFileType = wrapper.cfbundle; includeInIndex = 0; path = SkyEyesLiveTests.xctest; sourceTree = BUILT_PRODUCTS_DIR; };
		25446DF11B8AFD1800A1B107 /* Info.plist */ = {isa = PBXFileReference; lastKnownFileType = text.plist.xml; path = Info.plist; sourceTree = "<group>"; };
		25446DF21B8AFD1800A1B107 /* SkyEyesLiveTests.m */ = {isa = PBXFileReference; lastKnownFileType = sourcecode.c.objc; path = SkyEyesLiveTests.m; sourceTree = "<group>"; };
		25446E0C1B8AFF5A00A1B107 /* AppDelegate.h */ = {isa = PBXFileReference; fileEncoding = 4; lastKnownFileType = sourcecode.c.h; path = AppDelegate.h; sourceTree = "<group>"; };
		25446E0D1B8AFF5A00A1B107 /* AppDelegate.m */ = {isa = PBXFileReference; fileEncoding = 4; lastKnownFileType = sourcecode.c.objc; path = AppDelegate.m; sourceTree = "<group>"; };
		256BA4981B8C6678000A4B0D /* Device.h */ = {isa = PBXFileReference; fileEncoding = 4; lastKnownFileType = sourcecode.c.h; path = Device.h; sourceTree = "<group>"; };
		256BA4991B8C6678000A4B0D /* Device.m */ = {isa = PBXFileReference; fileEncoding = 4; lastKnownFileType = sourcecode.c.objc; path = Device.m; sourceTree = "<group>"; };
		256BA49B1B8C67D4000A4B0D /* OTT6PublicHeader.h */ = {isa = PBXFileReference; lastKnownFileType = sourcecode.c.h; path = OTT6PublicHeader.h; sourceTree = "<group>"; };
		25D6B0221B8B3CD3004D1499 /* SDLoginViewController.h */ = {isa = PBXFileReference; fileEncoding = 4; lastKnownFileType = sourcecode.c.h; path = SDLoginViewController.h; sourceTree = "<group>"; };
		25D6B0231B8B3CD3004D1499 /* SDLoginViewController.m */ = {isa = PBXFileReference; fileEncoding = 4; lastKnownFileType = sourcecode.c.objc; path = SDLoginViewController.m; sourceTree = "<group>"; };
		25D6B0571B8B4777004D1499 /* HyperlinksButton.h */ = {isa = PBXFileReference; fileEncoding = 4; lastKnownFileType = sourcecode.c.h; path = HyperlinksButton.h; sourceTree = "<group>"; };
		25D6B0581B8B4777004D1499 /* HyperlinksButton.m */ = {isa = PBXFileReference; fileEncoding = 4; lastKnownFileType = sourcecode.c.objc; path = HyperlinksButton.m; sourceTree = "<group>"; };
		25D6B05C1B8B5C20004D1499 /* IQNSArray+Sort.h */ = {isa = PBXFileReference; fileEncoding = 4; lastKnownFileType = sourcecode.c.h; path = "IQNSArray+Sort.h"; sourceTree = "<group>"; };
		25D6B05D1B8B5C20004D1499 /* IQNSArray+Sort.m */ = {isa = PBXFileReference; fileEncoding = 4; lastKnownFileType = sourcecode.c.objc; path = "IQNSArray+Sort.m"; sourceTree = "<group>"; };
		25D6B05E1B8B5C20004D1499 /* IQUITextFieldView+Additions.h */ = {isa = PBXFileReference; fileEncoding = 4; lastKnownFileType = sourcecode.c.h; path = "IQUITextFieldView+Additions.h"; sourceTree = "<group>"; };
		25D6B05F1B8B5C20004D1499 /* IQUITextFieldView+Additions.m */ = {isa = PBXFileReference; fileEncoding = 4; lastKnownFileType = sourcecode.c.objc; path = "IQUITextFieldView+Additions.m"; sourceTree = "<group>"; };
		25D6B0601B8B5C20004D1499 /* IQUIView+Hierarchy.h */ = {isa = PBXFileReference; fileEncoding = 4; lastKnownFileType = sourcecode.c.h; path = "IQUIView+Hierarchy.h"; sourceTree = "<group>"; };
		25D6B0611B8B5C20004D1499 /* IQUIView+Hierarchy.m */ = {isa = PBXFileReference; fileEncoding = 4; lastKnownFileType = sourcecode.c.objc; path = "IQUIView+Hierarchy.m"; sourceTree = "<group>"; };
		25D6B0621B8B5C20004D1499 /* IQUIViewController+Additions.h */ = {isa = PBXFileReference; fileEncoding = 4; lastKnownFileType = sourcecode.c.h; path = "IQUIViewController+Additions.h"; sourceTree = "<group>"; };
		25D6B0631B8B5C20004D1499 /* IQUIViewController+Additions.m */ = {isa = PBXFileReference; fileEncoding = 4; lastKnownFileType = sourcecode.c.objc; path = "IQUIViewController+Additions.m"; sourceTree = "<group>"; };
		25D6B0641B8B5C20004D1499 /* IQUIWindow+Hierarchy.h */ = {isa = PBXFileReference; fileEncoding = 4; lastKnownFileType = sourcecode.c.h; path = "IQUIWindow+Hierarchy.h"; sourceTree = "<group>"; };
		25D6B0651B8B5C20004D1499 /* IQUIWindow+Hierarchy.m */ = {isa = PBXFileReference; fileEncoding = 4; lastKnownFileType = sourcecode.c.objc; path = "IQUIWindow+Hierarchy.m"; sourceTree = "<group>"; };
		25D6B0671B8B5C20004D1499 /* IQKeyboardManagerConstants.h */ = {isa = PBXFileReference; fileEncoding = 4; lastKnownFileType = sourcecode.c.h; path = IQKeyboardManagerConstants.h; sourceTree = "<group>"; };
		25D6B0681B8B5C20004D1499 /* IQKeyboardManagerConstantsInternal.h */ = {isa = PBXFileReference; fileEncoding = 4; lastKnownFileType = sourcecode.c.h; path = IQKeyboardManagerConstantsInternal.h; sourceTree = "<group>"; };
		25D6B0691B8B5C20004D1499 /* IQKeyboardManager.h */ = {isa = PBXFileReference; fileEncoding = 4; lastKnownFileType = sourcecode.c.h; path = IQKeyboardManager.h; sourceTree = "<group>"; };
		25D6B06A1B8B5C20004D1499 /* IQKeyboardManager.m */ = {isa = PBXFileReference; fileEncoding = 4; lastKnownFileType = sourcecode.c.objc; path = IQKeyboardManager.m; sourceTree = "<group>"; };
		25D6B06B1B8B5C20004D1499 /* IQKeyboardReturnKeyHandler.h */ = {isa = PBXFileReference; fileEncoding = 4; lastKnownFileType = sourcecode.c.h; path = IQKeyboardReturnKeyHandler.h; sourceTree = "<group>"; };
		25D6B06C1B8B5C20004D1499 /* IQKeyboardReturnKeyHandler.m */ = {isa = PBXFileReference; fileEncoding = 4; lastKnownFileType = sourcecode.c.objc; path = IQKeyboardReturnKeyHandler.m; sourceTree = "<group>"; };
		25D6B06E1B8B5C20004D1499 /* IQSegmentedNextPrevious.h */ = {isa = PBXFileReference; fileEncoding = 4; lastKnownFileType = sourcecode.c.h; path = IQSegmentedNextPrevious.h; sourceTree = "<group>"; };
		25D6B06F1B8B5C20004D1499 /* IQSegmentedNextPrevious.m */ = {isa = PBXFileReference; fileEncoding = 4; lastKnownFileType = sourcecode.c.objc; path = IQSegmentedNextPrevious.m; sourceTree = "<group>"; };
		25D6B0711B8B5C20004D1499 /* IQTextView.h */ = {isa = PBXFileReference; fileEncoding = 4; lastKnownFileType = sourcecode.c.h; path = IQTextView.h; sourceTree = "<group>"; };
		25D6B0721B8B5C20004D1499 /* IQTextView.m */ = {isa = PBXFileReference; fileEncoding = 4; lastKnownFileType = sourcecode.c.objc; path = IQTextView.m; sourceTree = "<group>"; };
		25D6B0741B8B5C20004D1499 /* IQBarButtonItem.h */ = {isa = PBXFileReference; fileEncoding = 4; lastKnownFileType = sourcecode.c.h; path = IQBarButtonItem.h; sourceTree = "<group>"; };
		25D6B0751B8B5C20004D1499 /* IQBarButtonItem.m */ = {isa = PBXFileReference; fileEncoding = 4; lastKnownFileType = sourcecode.c.objc; path = IQBarButtonItem.m; sourceTree = "<group>"; };
		25D6B0761B8B5C20004D1499 /* IQTitleBarButtonItem.h */ = {isa = PBXFileReference; fileEncoding = 4; lastKnownFileType = sourcecode.c.h; path = IQTitleBarButtonItem.h; sourceTree = "<group>"; };
		25D6B0771B8B5C20004D1499 /* IQTitleBarButtonItem.m */ = {isa = PBXFileReference; fileEncoding = 4; lastKnownFileType = sourcecode.c.objc; path = IQTitleBarButtonItem.m; sourceTree = "<group>"; };
		25D6B0781B8B5C20004D1499 /* IQToolbar.h */ = {isa = PBXFileReference; fileEncoding = 4; lastKnownFileType = sourcecode.c.h; path = IQToolbar.h; sourceTree = "<group>"; };
		25D6B0791B8B5C20004D1499 /* IQToolbar.m */ = {isa = PBXFileReference; fileEncoding = 4; lastKnownFileType = sourcecode.c.objc; path = IQToolbar.m; sourceTree = "<group>"; };
		25D6B07A1B8B5C20004D1499 /* IQUIView+IQKeyboardToolbar.h */ = {isa = PBXFileReference; fileEncoding = 4; lastKnownFileType = sourcecode.c.h; path = "IQUIView+IQKeyboardToolbar.h"; sourceTree = "<group>"; };
		25D6B07B1B8B5C20004D1499 /* IQUIView+IQKeyboardToolbar.m */ = {isa = PBXFileReference; fileEncoding = 4; lastKnownFileType = sourcecode.c.objc; path = "IQUIView+IQKeyboardToolbar.m"; sourceTree = "<group>"; };
		25D6B07C1B8B5C20004D1499 /* KeyboardManager.h */ = {isa = PBXFileReference; fileEncoding = 4; lastKnownFileType = sourcecode.c.h; path = KeyboardManager.h; sourceTree = "<group>"; };
		25D6B07E1B8B5C20004D1499 /* IQKeyboardManager.bundle */ = {isa = PBXFileReference; lastKnownFileType = "wrapper.plug-in"; path = IQKeyboardManager.bundle; sourceTree = "<group>"; };
		25D6B08E1B8B6568004D1499 /* MBProgressHUD+MJ.h */ = {isa = PBXFileReference; fileEncoding = 4; lastKnownFileType = sourcecode.c.h; path = "MBProgressHUD+MJ.h"; sourceTree = "<group>"; };
		25D6B08F1B8B6568004D1499 /* MBProgressHUD+MJ.m */ = {isa = PBXFileReference; fileEncoding = 4; lastKnownFileType = sourcecode.c.objc; path = "MBProgressHUD+MJ.m"; sourceTree = "<group>"; };
		25D6B0901B8B6568004D1499 /* MBProgressHUD.bundle */ = {isa = PBXFileReference; lastKnownFileType = "wrapper.plug-in"; path = MBProgressHUD.bundle; sourceTree = "<group>"; };
		25D6B0911B8B6568004D1499 /* MBProgressHUD.h */ = {isa = PBXFileReference; fileEncoding = 4; lastKnownFileType = sourcecode.c.h; path = MBProgressHUD.h; sourceTree = "<group>"; };
		25D6B0921B8B6568004D1499 /* MBProgressHUD.m */ = {isa = PBXFileReference; fileEncoding = 4; lastKnownFileType = sourcecode.c.objc; path = MBProgressHUD.m; sourceTree = "<group>"; };
		25D6B0961B8B67D2004D1499 /* SDSquareTableViewController.h */ = {isa = PBXFileReference; fileEncoding = 4; lastKnownFileType = sourcecode.c.h; path = SDSquareTableViewController.h; sourceTree = "<group>"; };
		25D6B0971B8B67D2004D1499 /* SDSquareTableViewController.m */ = {isa = PBXFileReference; fileEncoding = 4; lastKnownFileType = sourcecode.c.objc; path = SDSquareTableViewController.m; sourceTree = "<group>"; };
		25D6B0991B8B680D004D1499 /* SDLiveViewController.h */ = {isa = PBXFileReference; fileEncoding = 4; lastKnownFileType = sourcecode.c.h; path = SDLiveViewController.h; sourceTree = "<group>"; };
		25D6B09A1B8B680D004D1499 /* SDLiveViewController.m */ = {isa = PBXFileReference; fileEncoding = 4; lastKnownFileType = sourcecode.c.objc; path = SDLiveViewController.m; sourceTree = "<group>"; };
		25D6B09C1B8B6840004D1499 /* SDRanKingTableViewController.h */ = {isa = PBXFileReference; fileEncoding = 4; lastKnownFileType = sourcecode.c.h; path = SDRanKingTableViewController.h; sourceTree = "<group>"; };
		25D6B09D1B8B6840004D1499 /* SDRanKingTableViewController.m */ = {isa = PBXFileReference; fileEncoding = 4; lastKnownFileType = sourcecode.c.objc; path = SDRanKingTableViewController.m; sourceTree = "<group>"; };
		25D6B09F1B8B693F004D1499 /* SDTabBarViewController.h */ = {isa = PBXFileReference; fileEncoding = 4; lastKnownFileType = sourcecode.c.h; path = SDTabBarViewController.h; sourceTree = "<group>"; };
		25D6B0A01B8B693F004D1499 /* SDTabBarViewController.m */ = {isa = PBXFileReference; fileEncoding = 4; lastKnownFileType = sourcecode.c.objc; path = SDTabBarViewController.m; sourceTree = "<group>"; };
		25D6B0A21B8B7202004D1499 /* UIView+Extension.h */ = {isa = PBXFileReference; fileEncoding = 4; lastKnownFileType = sourcecode.c.h; path = "UIView+Extension.h"; sourceTree = "<group>"; };
		25D6B0A31B8B7202004D1499 /* UIView+Extension.m */ = {isa = PBXFileReference; fileEncoding = 4; lastKnownFileType = sourcecode.c.objc; path = "UIView+Extension.m"; sourceTree = "<group>"; };
		25D6B0A51B8B7886004D1499 /* UIBarButtonItem+Extension.h */ = {isa = PBXFileReference; fileEncoding = 4; lastKnownFileType = sourcecode.c.h; path = "UIBarButtonItem+Extension.h"; sourceTree = "<group>"; };
		25D6B0A61B8B7886004D1499 /* UIBarButtonItem+Extension.m */ = {isa = PBXFileReference; fileEncoding = 4; lastKnownFileType = sourcecode.c.objc; path = "UIBarButtonItem+Extension.m"; sourceTree = "<group>"; };
/* End PBXFileReference section */

/* Begin PBXFrameworksBuildPhase section */
		25446DD01B8AFD1800A1B107 /* Frameworks */ = {
			isa = PBXFrameworksBuildPhase;
			buildActionMask = 2147483647;
			files = (
			);
			runOnlyForDeploymentPostprocessing = 0;
		};
		25446DE91B8AFD1800A1B107 /* Frameworks */ = {
			isa = PBXFrameworksBuildPhase;
			buildActionMask = 2147483647;
			files = (
			);
			runOnlyForDeploymentPostprocessing = 0;
		};
/* End PBXFrameworksBuildPhase section */

/* Begin PBXGroup section */
		25446DCA1B8AFD1800A1B107 = {
			isa = PBXGroup;
			children = (
				25446DD51B8AFD1800A1B107 /* SkyEyesLive */,
				25446DEF1B8AFD1800A1B107 /* SkyEyesLiveTests */,
				25446DD41B8AFD1800A1B107 /* Products */,
			);
			sourceTree = "<group>";
		};
		25446DD41B8AFD1800A1B107 /* Products */ = {
			isa = PBXGroup;
			children = (
				25446DD31B8AFD1800A1B107 /* SkyEyesLive.app */,
				25446DEC1B8AFD1800A1B107 /* SkyEyesLiveTests.xctest */,
			);
			name = Products;
			sourceTree = "<group>";
		};
		25446DD51B8AFD1800A1B107 /* SkyEyesLive */ = {
			isa = PBXGroup;
			children = (
				25446DFD1B8AFF5A00A1B107 /* Classes */,
				25446DE31B8AFD1800A1B107 /* Images.xcassets */,
				25446DD61B8AFD1800A1B107 /* Supporting Files */,
			);
			path = SkyEyesLive;
			sourceTree = "<group>";
		};
		25446DD61B8AFD1800A1B107 /* Supporting Files */ = {
			isa = PBXGroup;
			children = (
				25446DD71B8AFD1800A1B107 /* Info.plist */,
				25446DD81B8AFD1800A1B107 /* main.m */,
			);
			name = "Supporting Files";
			sourceTree = "<group>";
		};
		25446DEF1B8AFD1800A1B107 /* SkyEyesLiveTests */ = {
			isa = PBXGroup;
			children = (
				25446DF21B8AFD1800A1B107 /* SkyEyesLiveTests.m */,
				25446DF01B8AFD1800A1B107 /* Supporting Files */,
			);
			path = SkyEyesLiveTests;
			sourceTree = "<group>";
		};
		25446DF01B8AFD1800A1B107 /* Supporting Files */ = {
			isa = PBXGroup;
			children = (
				25446DF11B8AFD1800A1B107 /* Info.plist */,
			);
			name = "Supporting Files";
			sourceTree = "<group>";
		};
		25446DFD1B8AFF5A00A1B107 /* Classes */ = {
			isa = PBXGroup;
			children = (
				25446DFE1B8AFF5A00A1B107 /* live(直播) */,
				25446E021B8AFF5A00A1B107 /* Login(登入) */,
				25446E061B8AFF5A00A1B107 /* Mian(主要) */,
				25446E111B8AFF5A00A1B107 /* Ranking(排行) */,
				25446E151B8AFF5A00A1B107 /* Square(广场) */,
			);
			path = Classes;
			sourceTree = "<group>";
		};
		25446DFE1B8AFF5A00A1B107 /* live(直播) */ = {
			isa = PBXGroup;
			children = (
				25446DFF1B8AFF5A00A1B107 /* Controller */,
				25446E001B8AFF5A00A1B107 /* Model */,
				25446E011B8AFF5A00A1B107 /* View */,
			);
			path = "live(直播)";
			sourceTree = "<group>";
		};
		25446DFF1B8AFF5A00A1B107 /* Controller */ = {
			isa = PBXGroup;
			children = (
				25D6B0991B8B680D004D1499 /* SDLiveViewController.h */,
				25D6B09A1B8B680D004D1499 /* SDLiveViewController.m */,
			);
			path = Controller;
			sourceTree = "<group>";
		};
		25446E001B8AFF5A00A1B107 /* Model */ = {
			isa = PBXGroup;
			children = (
			);
			path = Model;
			sourceTree = "<group>";
		};
		25446E011B8AFF5A00A1B107 /* View */ = {
			isa = PBXGroup;
			children = (
			);
			path = View;
			sourceTree = "<group>";
		};
		25446E021B8AFF5A00A1B107 /* Login(登入) */ = {
			isa = PBXGroup;
			children = (
				25446E031B8AFF5A00A1B107 /* Controller */,
				25446E041B8AFF5A00A1B107 /* Model */,
				25446E051B8AFF5A00A1B107 /* View */,
			);
			path = "Login(登入)";
			sourceTree = "<group>";
		};
		25446E031B8AFF5A00A1B107 /* Controller */ = {
			isa = PBXGroup;
			children = (
				25D6B0221B8B3CD3004D1499 /* SDLoginViewController.h */,
				25D6B0231B8B3CD3004D1499 /* SDLoginViewController.m */,
			);
			path = Controller;
			sourceTree = "<group>";
		};
		25446E041B8AFF5A00A1B107 /* Model */ = {
			isa = PBXGroup;
			children = (
			);
			path = Model;
			sourceTree = "<group>";
		};
		25446E051B8AFF5A00A1B107 /* View */ = {
			isa = PBXGroup;
			children = (
			);
			path = View;
			sourceTree = "<group>";
		};
		25446E061B8AFF5A00A1B107 /* Mian(主要) */ = {
			isa = PBXGroup;
			children = (
				25446E071B8AFF5A00A1B107 /* Category */,
				25446E081B8AFF5A00A1B107 /* Controller */,
				25446E091B8AFF5A00A1B107 /* Lib */,
				25446E0A1B8AFF5A00A1B107 /* Model */,
				25446E0B1B8AFF5A00A1B107 /* Other */,
				25446E0F1B8AFF5A00A1B107 /* Tool */,
				25446E101B8AFF5A00A1B107 /* View */,
			);
			path = "Mian(主要)";
			sourceTree = "<group>";
		};
		25446E071B8AFF5A00A1B107 /* Category */ = {
			isa = PBXGroup;
			children = (
				25D6B0A51B8B7886004D1499 /* UIBarButtonItem+Extension.h */,
				25D6B0A61B8B7886004D1499 /* UIBarButtonItem+Extension.m */,
				25D6B0A21B8B7202004D1499 /* UIView+Extension.h */,
				25D6B0A31B8B7202004D1499 /* UIView+Extension.m */,
				25D6B0571B8B4777004D1499 /* HyperlinksButton.h */,
				25D6B0581B8B4777004D1499 /* HyperlinksButton.m */,
			);
			path = Category;
			sourceTree = "<group>";
		};
		25446E081B8AFF5A00A1B107 /* Controller */ = {
			isa = PBXGroup;
			children = (
				25D6B09F1B8B693F004D1499 /* SDTabBarViewController.h */,
				25D6B0A01B8B693F004D1499 /* SDTabBarViewController.m */,
			);
			path = Controller;
			sourceTree = "<group>";
		};
		25446E091B8AFF5A00A1B107 /* Lib */ = {
			isa = PBXGroup;
			children = (
				256BA4971B8C6678000A4B0D /* Device */,
				25D6B08D1B8B6568004D1499 /* MBProgressHUD */,
				25D6B05A1B8B5C20004D1499 /* IQKeyBoardManager */,
			);
			path = Lib;
			sourceTree = "<group>";
		};
		25446E0A1B8AFF5A00A1B107 /* Model */ = {
			isa = PBXGroup;
			children = (
			);
			path = Model;
			sourceTree = "<group>";
		};
		25446E0B1B8AFF5A00A1B107 /* Other */ = {
			isa = PBXGroup;
			children = (
				25446E0C1B8AFF5A00A1B107 /* AppDelegate.h */,
				25446E0D1B8AFF5A00A1B107 /* AppDelegate.m */,
			);
			path = Other;
			sourceTree = "<group>";
		};
		25446E0F1B8AFF5A00A1B107 /* Tool */ = {
			isa = PBXGroup;
			children = (
			);
			path = Tool;
			sourceTree = "<group>";
		};
		25446E101B8AFF5A00A1B107 /* View */ = {
			isa = PBXGroup;
			children = (
			);
			path = View;
			sourceTree = "<group>";
		};
		25446E111B8AFF5A00A1B107 /* Ranking(排行) */ = {
			isa = PBXGroup;
			children = (
				25446E121B8AFF5A00A1B107 /* Controller */,
				25446E131B8AFF5A00A1B107 /* Model */,
				25446E141B8AFF5A00A1B107 /* View */,
			);
			path = "Ranking(排行)";
			sourceTree = "<group>";
		};
		25446E121B8AFF5A00A1B107 /* Controller */ = {
			isa = PBXGroup;
			children = (
				25D6B09C1B8B6840004D1499 /* SDRanKingTableViewController.h */,
				25D6B09D1B8B6840004D1499 /* SDRanKingTableViewController.m */,
			);
			path = Controller;
			sourceTree = "<group>";
		};
		25446E131B8AFF5A00A1B107 /* Model */ = {
			isa = PBXGroup;
			children = (
			);
			path = Model;
			sourceTree = "<group>";
		};
		25446E141B8AFF5A00A1B107 /* View */ = {
			isa = PBXGroup;
			children = (
			);
			path = View;
			sourceTree = "<group>";
		};
		25446E151B8AFF5A00A1B107 /* Square(广场) */ = {
			isa = PBXGroup;
			children = (
				25446E161B8AFF5A00A1B107 /* Controller */,
				25446E171B8AFF5A00A1B107 /* Model */,
				25446E181B8AFF5A00A1B107 /* View */,
			);
			path = "Square(广场)";
			sourceTree = "<group>";
		};
		25446E161B8AFF5A00A1B107 /* Controller */ = {
			isa = PBXGroup;
			children = (
				25D6B0961B8B67D2004D1499 /* SDSquareTableViewController.h */,
				25D6B0971B8B67D2004D1499 /* SDSquareTableViewController.m */,
			);
			path = Controller;
			sourceTree = "<group>";
		};
		25446E171B8AFF5A00A1B107 /* Model */ = {
			isa = PBXGroup;
			children = (
			);
			path = Model;
			sourceTree = "<group>";
		};
		25446E181B8AFF5A00A1B107 /* View */ = {
			isa = PBXGroup;
			children = (
			);
			path = View;
			sourceTree = "<group>";
		};
		256BA4971B8C6678000A4B0D /* Device */ = {
			isa = PBXGroup;
			children = (
				256BA49B1B8C67D4000A4B0D /* OTT6PublicHeader.h */,
				256BA4981B8C6678000A4B0D /* Device.h */,
				256BA4991B8C6678000A4B0D /* Device.m */,
			);
			path = Device;
			sourceTree = "<group>";
		};
		25D6B05A1B8B5C20004D1499 /* IQKeyBoardManager */ = {
			isa = PBXGroup;
			children = (
				25D6B05B1B8B5C20004D1499 /* Categories */,
				25D6B0661B8B5C20004D1499 /* Constants */,
				25D6B0691B8B5C20004D1499 /* IQKeyboardManager.h */,
				25D6B06A1B8B5C20004D1499 /* IQKeyboardManager.m */,
				25D6B06B1B8B5C20004D1499 /* IQKeyboardReturnKeyHandler.h */,
				25D6B06C1B8B5C20004D1499 /* IQKeyboardReturnKeyHandler.m */,
				25D6B06D1B8B5C20004D1499 /* IQSegmentedNextPrevious */,
				25D6B0701B8B5C20004D1499 /* IQTextView */,
				25D6B0731B8B5C20004D1499 /* IQToolbar */,
				25D6B07C1B8B5C20004D1499 /* KeyboardManager.h */,
				25D6B07D1B8B5C20004D1499 /* Resources */,
			);
			path = IQKeyBoardManager;
			sourceTree = "<group>";
		};
		25D6B05B1B8B5C20004D1499 /* Categories */ = {
			isa = PBXGroup;
			children = (
				25D6B05C1B8B5C20004D1499 /* IQNSArray+Sort.h */,
				25D6B05D1B8B5C20004D1499 /* IQNSArray+Sort.m */,
				25D6B05E1B8B5C20004D1499 /* IQUITextFieldView+Additions.h */,
				25D6B05F1B8B5C20004D1499 /* IQUITextFieldView+Additions.m */,
				25D6B0601B8B5C20004D1499 /* IQUIView+Hierarchy.h */,
				25D6B0611B8B5C20004D1499 /* IQUIView+Hierarchy.m */,
				25D6B0621B8B5C20004D1499 /* IQUIViewController+Additions.h */,
				25D6B0631B8B5C20004D1499 /* IQUIViewController+Additions.m */,
				25D6B0641B8B5C20004D1499 /* IQUIWindow+Hierarchy.h */,
				25D6B0651B8B5C20004D1499 /* IQUIWindow+Hierarchy.m */,
			);
			path = Categories;
			sourceTree = "<group>";
		};
		25D6B0661B8B5C20004D1499 /* Constants */ = {
			isa = PBXGroup;
			children = (
				25D6B0671B8B5C20004D1499 /* IQKeyboardManagerConstants.h */,
				25D6B0681B8B5C20004D1499 /* IQKeyboardManagerConstantsInternal.h */,
			);
			path = Constants;
			sourceTree = "<group>";
		};
		25D6B06D1B8B5C20004D1499 /* IQSegmentedNextPrevious */ = {
			isa = PBXGroup;
			children = (
				25D6B06E1B8B5C20004D1499 /* IQSegmentedNextPrevious.h */,
				25D6B06F1B8B5C20004D1499 /* IQSegmentedNextPrevious.m */,
			);
			path = IQSegmentedNextPrevious;
			sourceTree = "<group>";
		};
		25D6B0701B8B5C20004D1499 /* IQTextView */ = {
			isa = PBXGroup;
			children = (
				25D6B0711B8B5C20004D1499 /* IQTextView.h */,
				25D6B0721B8B5C20004D1499 /* IQTextView.m */,
			);
			path = IQTextView;
			sourceTree = "<group>";
		};
		25D6B0731B8B5C20004D1499 /* IQToolbar */ = {
			isa = PBXGroup;
			children = (
				25D6B0741B8B5C20004D1499 /* IQBarButtonItem.h */,
				25D6B0751B8B5C20004D1499 /* IQBarButtonItem.m */,
				25D6B0761B8B5C20004D1499 /* IQTitleBarButtonItem.h */,
				25D6B0771B8B5C20004D1499 /* IQTitleBarButtonItem.m */,
				25D6B0781B8B5C20004D1499 /* IQToolbar.h */,
				25D6B0791B8B5C20004D1499 /* IQToolbar.m */,
				25D6B07A1B8B5C20004D1499 /* IQUIView+IQKeyboardToolbar.h */,
				25D6B07B1B8B5C20004D1499 /* IQUIView+IQKeyboardToolbar.m */,
			);
			path = IQToolbar;
			sourceTree = "<group>";
		};
		25D6B07D1B8B5C20004D1499 /* Resources */ = {
			isa = PBXGroup;
			children = (
				25D6B07E1B8B5C20004D1499 /* IQKeyboardManager.bundle */,
			);
			path = Resources;
			sourceTree = "<group>";
		};
		25D6B08D1B8B6568004D1499 /* MBProgressHUD */ = {
			isa = PBXGroup;
			children = (
				25D6B08E1B8B6568004D1499 /* MBProgressHUD+MJ.h */,
				25D6B08F1B8B6568004D1499 /* MBProgressHUD+MJ.m */,
				25D6B0901B8B6568004D1499 /* MBProgressHUD.bundle */,
				25D6B0911B8B6568004D1499 /* MBProgressHUD.h */,
				25D6B0921B8B6568004D1499 /* MBProgressHUD.m */,
			);
			path = MBProgressHUD;
			sourceTree = "<group>";
		};
/* End PBXGroup section */

/* Begin PBXNativeTarget section */
		25446DD21B8AFD1800A1B107 /* SkyEyesLive */ = {
			isa = PBXNativeTarget;
			buildConfigurationList = 25446DF61B8AFD1800A1B107 /* Build configuration list for PBXNativeTarget "SkyEyesLive" */;
			buildPhases = (
				25446DCF1B8AFD1800A1B107 /* Sources */,
				25446DD01B8AFD1800A1B107 /* Frameworks */,
				25446DD11B8AFD1800A1B107 /* Resources */,
			);
			buildRules = (
			);
			dependencies = (
			);
			name = SkyEyesLive;
			productName = SkyEyesLive;
			productReference = 25446DD31B8AFD1800A1B107 /* SkyEyesLive.app */;
			productType = "com.apple.product-type.application";
		};
		25446DEB1B8AFD1800A1B107 /* SkyEyesLiveTests */ = {
			isa = PBXNativeTarget;
			buildConfigurationList = 25446DF91B8AFD1800A1B107 /* Build configuration list for PBXNativeTarget "SkyEyesLiveTests" */;
			buildPhases = (
				25446DE81B8AFD1800A1B107 /* Sources */,
				25446DE91B8AFD1800A1B107 /* Frameworks */,
				25446DEA1B8AFD1800A1B107 /* Resources */,
			);
			buildRules = (
			);
			dependencies = (
				25446DEE1B8AFD1800A1B107 /* PBXTargetDependency */,
			);
			name = SkyEyesLiveTests;
			productName = SkyEyesLiveTests;
			productReference = 25446DEC1B8AFD1800A1B107 /* SkyEyesLiveTests.xctest */;
			productType = "com.apple.product-type.bundle.unit-test";
		};
/* End PBXNativeTarget section */

/* Begin PBXProject section */
		25446DCB1B8AFD1800A1B107 /* Project object */ = {
			isa = PBXProject;
			attributes = {
				LastUpgradeCheck = 0640;
				ORGANIZATIONNAME = sunda;
				TargetAttributes = {
					25446DD21B8AFD1800A1B107 = {
						CreatedOnToolsVersion = 6.4;
					};
					25446DEB1B8AFD1800A1B107 = {
						CreatedOnToolsVersion = 6.4;
						TestTargetID = 25446DD21B8AFD1800A1B107;
					};
				};
			};
			buildConfigurationList = 25446DCE1B8AFD1800A1B107 /* Build configuration list for PBXProject "SkyEyesLive" */;
			compatibilityVersion = "Xcode 3.2";
			developmentRegion = English;
			hasScannedForEncodings = 0;
			knownRegions = (
				en,
				Base,
			);
			mainGroup = 25446DCA1B8AFD1800A1B107;
			productRefGroup = 25446DD41B8AFD1800A1B107 /* Products */;
			projectDirPath = "";
			projectRoot = "";
			targets = (
				25446DD21B8AFD1800A1B107 /* SkyEyesLive */,
				25446DEB1B8AFD1800A1B107 /* SkyEyesLiveTests */,
			);
		};
/* End PBXProject section */

/* Begin PBXResourcesBuildPhase section */
		25446DD11B8AFD1800A1B107 /* Resources */ = {
			isa = PBXResourcesBuildPhase;
			buildActionMask = 2147483647;
			files = (
				25D6B08C1B8B5C20004D1499 /* IQKeyboardManager.bundle in Resources */,
				25446DE41B8AFD1800A1B107 /* Images.xcassets in Resources */,
				25D6B0941B8B6568004D1499 /* MBProgressHUD.bundle in Resources */,
			);
			runOnlyForDeploymentPostprocessing = 0;
		};
		25446DEA1B8AFD1800A1B107 /* Resources */ = {
			isa = PBXResourcesBuildPhase;
			buildActionMask = 2147483647;
			files = (
			);
			runOnlyForDeploymentPostprocessing = 0;
		};
/* End PBXResourcesBuildPhase section */

/* Begin PBXSourcesBuildPhase section */
		25446DCF1B8AFD1800A1B107 /* Sources */ = {
			isa = PBXSourcesBuildPhase;
			buildActionMask = 2147483647;
			files = (
				25D6B0931B8B6568004D1499 /* MBProgressHUD+MJ.m in Sources */,
				25D6B0871B8B5C20004D1499 /* IQTextView.m in Sources */,
				25D6B0841B8B5C20004D1499 /* IQKeyboardManager.m in Sources */,
				25D6B0801B8B5C20004D1499 /* IQUITextFieldView+Additions.m in Sources */,
				25D6B08A1B8B5C20004D1499 /* IQToolbar.m in Sources */,
				25D6B0861B8B5C20004D1499 /* IQSegmentedNextPrevious.m in Sources */,
				25D6B0A41B8B7202004D1499 /* UIView+Extension.m in Sources */,
				25D6B0851B8B5C20004D1499 /* IQKeyboardReturnKeyHandler.m in Sources */,
				25D6B0951B8B6568004D1499 /* MBProgressHUD.m in Sources */,
				25D6B0A11B8B693F004D1499 /* SDTabBarViewController.m in Sources */,
				25446E191B8AFF5A00A1B107 /* AppDelegate.m in Sources */,
				25D6B09E1B8B6840004D1499 /* SDRanKingTableViewController.m in Sources */,
				25D6B0821B8B5C20004D1499 /* IQUIViewController+Additions.m in Sources */,
				25D6B0831B8B5C20004D1499 /* IQUIWindow+Hierarchy.m in Sources */,
				25D6B0881B8B5C20004D1499 /* IQBarButtonItem.m in Sources */,
				25D6B0241B8B3CD3004D1499 /* SDLoginViewController.m in Sources */,
				25D6B0891B8B5C20004D1499 /* IQTitleBarButtonItem.m in Sources */,
				25D6B0591B8B4777004D1499 /* HyperlinksButton.m in Sources */,
				25446DD91B8AFD1800A1B107 /* main.m in Sources */,
				25D6B08B1B8B5C20004D1499 /* IQUIView+IQKeyboardToolbar.m in Sources */,
				25D6B07F1B8B5C20004D1499 /* IQNSArray+Sort.m in Sources */,
				25D6B09B1B8B680D004D1499 /* SDLiveViewController.m in Sources */,
				25D6B0811B8B5C20004D1499 /* IQUIView+Hierarchy.m in Sources */,
				256BA49A1B8C6678000A4B0D /* Device.m in Sources */,
				25D6B0981B8B67D2004D1499 /* SDSquareTableViewController.m in Sources */,
				25D6B0A71B8B7886004D1499 /* UIBarButtonItem+Extension.m in Sources */,
			);
			runOnlyForDeploymentPostprocessing = 0;
		};
		25446DE81B8AFD1800A1B107 /* Sources */ = {
			isa = PBXSourcesBuildPhase;
			buildActionMask = 2147483647;
			files = (
				25446DF31B8AFD1800A1B107 /* SkyEyesLiveTests.m in Sources */,
			);
			runOnlyForDeploymentPostprocessing = 0;
		};
/* End PBXSourcesBuildPhase section */

/* Begin PBXTargetDependency section */
		25446DEE1B8AFD1800A1B107 /* PBXTargetDependency */ = {
			isa = PBXTargetDependency;
			target = 25446DD21B8AFD1800A1B107 /* SkyEyesLive */;
			targetProxy = 25446DED1B8AFD1800A1B107 /* PBXContainerItemProxy */;
		};
/* End PBXTargetDependency section */

/* Begin XCBuildConfiguration section */
		25446DF41B8AFD1800A1B107 /* Debug */ = {
			isa = XCBuildConfiguration;
			buildSettings = {
				ALWAYS_SEARCH_USER_PATHS = NO;
				CLANG_CXX_LANGUAGE_STANDARD = "gnu++0x";
				CLANG_CXX_LIBRARY = "libc++";
				CLANG_ENABLE_MODULES = YES;
				CLANG_ENABLE_OBJC_ARC = YES;
				CLANG_WARN_BOOL_CONVERSION = YES;
				CLANG_WARN_CONSTANT_CONVERSION = YES;
				CLANG_WARN_DIRECT_OBJC_ISA_USAGE = YES_ERROR;
				CLANG_WARN_EMPTY_BODY = YES;
				CLANG_WARN_ENUM_CONVERSION = YES;
				CLANG_WARN_INT_CONVERSION = YES;
				CLANG_WARN_OBJC_ROOT_CLASS = YES_ERROR;
				CLANG_WARN_UNREACHABLE_CODE = YES;
				CLANG_WARN__DUPLICATE_METHOD_MATCH = YES;
				"CODE_SIGN_IDENTITY[sdk=iphoneos*]" = "iPhone Developer";
				COPY_PHASE_STRIP = NO;
				DEBUG_INFORMATION_FORMAT = "dwarf-with-dsym";
				ENABLE_STRICT_OBJC_MSGSEND = YES;
				GCC_C_LANGUAGE_STANDARD = gnu99;
				GCC_DYNAMIC_NO_PIC = NO;
				GCC_NO_COMMON_BLOCKS = YES;
				GCC_OPTIMIZATION_LEVEL = 0;
				GCC_PREPROCESSOR_DEFINITIONS = (
					"DEBUG=1",
					"$(inherited)",
				);
				GCC_SYMBOLS_PRIVATE_EXTERN = NO;
				GCC_WARN_64_TO_32_BIT_CONVERSION = YES;
				GCC_WARN_ABOUT_RETURN_TYPE = YES_ERROR;
				GCC_WARN_UNDECLARED_SELECTOR = YES;
				GCC_WARN_UNINITIALIZED_AUTOS = YES_AGGRESSIVE;
				GCC_WARN_UNUSED_FUNCTION = YES;
				GCC_WARN_UNUSED_VARIABLE = YES;
				IPHONEOS_DEPLOYMENT_TARGET = 8.4;
				MTL_ENABLE_DEBUG_INFO = YES;
				ONLY_ACTIVE_ARCH = YES;
				SDKROOT = iphoneos;
			};
			name = Debug;
		};
		25446DF51B8AFD1800A1B107 /* Release */ = {
			isa = XCBuildConfiguration;
			buildSettings = {
				ALWAYS_SEARCH_USER_PATHS = NO;
				CLANG_CXX_LANGUAGE_STANDARD = "gnu++0x";
				CLANG_CXX_LIBRARY = "libc++";
				CLANG_ENABLE_MODULES = YES;
				CLANG_ENABLE_OBJC_ARC = YES;
				CLANG_WARN_BOOL_CONVERSION = YES;
				CLANG_WARN_CONSTANT_CONVERSION = YES;
				CLANG_WARN_DIRECT_OBJC_ISA_USAGE = YES_ERROR;
				CLANG_WARN_EMPTY_BODY = YES;
				CLANG_WARN_ENUM_CONVERSION = YES;
				CLANG_WARN_INT_CONVERSION = YES;
				CLANG_WARN_OBJC_ROOT_CLASS = YES_ERROR;
				CLANG_WARN_UNREACHABLE_CODE = YES;
				CLANG_WARN__DUPLICATE_METHOD_MATCH = YES;
				"CODE_SIGN_IDENTITY[sdk=iphoneos*]" = "iPhone Developer";
				COPY_PHASE_STRIP = NO;
				DEBUG_INFORMATION_FORMAT = "dwarf-with-dsym";
				ENABLE_NS_ASSERTIONS = NO;
				ENABLE_STRICT_OBJC_MSGSEND = YES;
				GCC_C_LANGUAGE_STANDARD = gnu99;
				GCC_NO_COMMON_BLOCKS = YES;
				GCC_WARN_64_TO_32_BIT_CONVERSION = YES;
				GCC_WARN_ABOUT_RETURN_TYPE = YES_ERROR;
				GCC_WARN_UNDECLARED_SELECTOR = YES;
				GCC_WARN_UNINITIALIZED_AUTOS = YES_AGGRESSIVE;
				GCC_WARN_UNUSED_FUNCTION = YES;
				GCC_WARN_UNUSED_VARIABLE = YES;
				IPHONEOS_DEPLOYMENT_TARGET = 8.4;
				MTL_ENABLE_DEBUG_INFO = NO;
				SDKROOT = iphoneos;
				VALIDATE_PRODUCT = YES;
			};
			name = Release;
		};
		25446DF71B8AFD1800A1B107 /* Debug */ = {
			isa = XCBuildConfiguration;
			buildSettings = {
				ASSETCATALOG_COMPILER_APPICON_NAME = AppIcon;
				ASSETCATALOG_COMPILER_LAUNCHIMAGE_NAME = LaunchImage;
				INFOPLIST_FILE = SkyEyesLive/Info.plist;
				IPHONEOS_DEPLOYMENT_TARGET = 6.1;
				LD_RUNPATH_SEARCH_PATHS = "$(inherited) @executable_path/Frameworks";
				PRODUCT_NAME = "$(TARGET_NAME)";
			};
			name = Debug;
		};
		25446DF81B8AFD1800A1B107 /* Release */ = {
			isa = XCBuildConfiguration;
			buildSettings = {
				ASSETCATALOG_COMPILER_APPICON_NAME = AppIcon;
				ASSETCATALOG_COMPILER_LAUNCHIMAGE_NAME = LaunchImage;
				INFOPLIST_FILE = SkyEyesLive/Info.plist;
				IPHONEOS_DEPLOYMENT_TARGET = 6.1;
				LD_RUNPATH_SEARCH_PATHS = "$(inherited) @executable_path/Frameworks";
				PRODUCT_NAME = "$(TARGET_NAME)";
			};
			name = Release;
		};
		25446DFA1B8AFD1800A1B107 /* Debug */ = {
			isa = XCBuildConfiguration;
			buildSettings = {
				BUNDLE_LOADER = "$(TEST_HOST)";
				FRAMEWORK_SEARCH_PATHS = (
					"$(SDKROOT)/Developer/Library/Frameworks",
					"$(inherited)",
				);
				GCC_PREPROCESSOR_DEFINITIONS = (
					"DEBUG=1",
					"$(inherited)",
				);
				INFOPLIST_FILE = SkyEyesLiveTests/Info.plist;
				LD_RUNPATH_SEARCH_PATHS = "$(inherited) @executable_path/Frameworks @loader_path/Frameworks";
				PRODUCT_NAME = "$(TARGET_NAME)";
				TEST_HOST = "$(BUILT_PRODUCTS_DIR)/SkyEyesLive.app/SkyEyesLive";
			};
			name = Debug;
		};
		25446DFB1B8AFD1800A1B107 /* Release */ = {
			isa = XCBuildConfiguration;
			buildSettings = {
				BUNDLE_LOADER = "$(TEST_HOST)";
				FRAMEWORK_SEARCH_PATHS = (
					"$(SDKROOT)/Developer/Library/Frameworks",
					"$(inherited)",
				);
				INFOPLIST_FILE = SkyEyesLiveTests/Info.plist;
				LD_RUNPATH_SEARCH_PATHS = "$(inherited) @executable_path/Frameworks @loader_path/Frameworks";
				PRODUCT_NAME = "$(TARGET_NAME)";
				TEST_HOST = "$(BUILT_PRODUCTS_DIR)/SkyEyesLive.app/SkyEyesLive";
			};
			name = Release;
		};
/* End XCBuildConfiguration section */

/* Begin XCConfigurationList section */
		25446DCE1B8AFD1800A1B107 /* Build configuration list for PBXProject "SkyEyesLive" */ = {
			isa = XCConfigurationList;
			buildConfigurations = (
				25446DF41B8AFD1800A1B107 /* Debug */,
				25446DF51B8AFD1800A1B107 /* Release */,
			);
			defaultConfigurationIsVisible = 0;
			defaultConfigurationName = Release;
		};
		25446DF61B8AFD1800A1B107 /* Build configuration list for PBXNativeTarget "SkyEyesLive" */ = {
			isa = XCConfigurationList;
			buildConfigurations = (
				25446DF71B8AFD1800A1B107 /* Debug */,
				25446DF81B8AFD1800A1B107 /* Release */,
			);
			defaultConfigurationIsVisible = 0;
			defaultConfigurationName = Release;
		};
		25446DF91B8AFD1800A1B107 /* Build configuration list for PBXNativeTarget "SkyEyesLiveTests" */ = {
			isa = XCConfigurationList;
			buildConfigurations = (
				25446DFA1B8AFD1800A1B107 /* Debug */,
				25446DFB1B8AFD1800A1B107 /* Release */,
			);
			defaultConfigurationIsVisible = 0;
			defaultConfigurationName = Release;
		};
/* End XCConfigurationList section */
	};
	rootObject = 25446DCB1B8AFD1800A1B107 /* Project object */;
}
